
Microsoft Visual Studio Solution File, Format Version 12.00
# Visual Studio 14
VisualStudioVersion = 14.0.25420.1
MinimumVisualStudioVersion = 10.0.40219.1
Project("{FAE04EC0-301F-11D3-BF4B-00C04F79EFBC}") = "Editor", "KoS.Apps.SharePoint.SmartCAML.Editor\Editor.csproj", "{D5D6983F-F66B-4308-8D13-FEEC439869F4}"
EndProject
Project("{FAE04EC0-301F-11D3-BF4B-00C04F79EFBC}") = "Model", "KoS.Apps.SharePoint.SmartCAML.Model\Model.csproj", "{F6C6C900-924A-40A7-A7BF-31FA0CB714A8}"
EndProject
Project("{FAE04EC0-301F-11D3-BF4B-00C04F79EFBC}") = "SharePointProvider", "KoS.Apps.SharePoint.SmartCAML.SharePointProvider\SharePointProvider.csproj", "{A7CFA48E-3331-4DE5-B0E9-ED67FA4E7E34}"
EndProject
Project("{2150E333-8FDC-42A3-9474-1A3956D46DE8}") = "Providers", "Providers", "{8DC52F21-4712-46BC-85D3-EB0038B5D9B5}"
EndProject
Project("{FAE04EC0-301F-11D3-BF4B-00C04F79EFBC}") = "Providers.SharePoint2013ServerProvider", "Providers.SharePoint2013ServerProvider\Providers.SharePoint2013ServerProvider.csproj", "{8F057328-B8D9-48DE-9A84-B3D0B0D0F6DF}"
EndProject
Project("{FAE04EC0-301F-11D3-BF4B-00C04F79EFBC}") = "Providers.SharePoint2013ClientProvider", "Providers.SharePoint2013ClientProvider\Providers.SharePoint2013ClientProvider.csproj", "{4F5A56D6-4F74-487D-84E0-E48717DED0CD}"
EndProject
Project("{2150E333-8FDC-42A3-9474-1A3956D46DE8}") = "Solution Items", "Solution Items", "{8F470B24-8058-40AD-B6FC-7C5FD95F5BD3}"
	ProjectSection(SolutionItems) = preProject
		changelog.md = changelog.md
	EndProjectSection
EndProject
Project("{FAE04EC0-301F-11D3-BF4B-00C04F79EFBC}") = "ServiceProxy", "ServiceProxy\ServiceProxy.csproj", "{3BFF4C84-0922-4454-BF4E-7601ED29B720}"
EndProject
Global
	GlobalSection(SolutionConfigurationPlatforms) = preSolution
		Debug|Any CPU = Debug|Any CPU
		Release|Any CPU = Release|Any CPU
	EndGlobalSection
	GlobalSection(ProjectConfigurationPlatforms) = postSolution
		{D5D6983F-F66B-4308-8D13-FEEC439869F4}.Debug|Any CPU.ActiveCfg = Debug|Any CPU
		{D5D6983F-F66B-4308-8D13-FEEC439869F4}.Debug|Any CPU.Build.0 = Debug|Any CPU
		{D5D6983F-F66B-4308-8D13-FEEC439869F4}.Release|Any CPU.ActiveCfg = Release|Any CPU
		{D5D6983F-F66B-4308-8D13-FEEC439869F4}.Release|Any CPU.Build.0 = Release|Any CPU
		{F6C6C900-924A-40A7-A7BF-31FA0CB714A8}.Debug|Any CPU.ActiveCfg = Debug|Any CPU
		{F6C6C900-924A-40A7-A7BF-31FA0CB714A8}.Debug|Any CPU.Build.0 = Debug|Any CPU
		{F6C6C900-924A-40A7-A7BF-31FA0CB714A8}.Release|Any CPU.ActiveCfg = Release|Any CPU
		{F6C6C900-924A-40A7-A7BF-31FA0CB714A8}.Release|Any CPU.Build.0 = Release|Any CPU
		{A7CFA48E-3331-4DE5-B0E9-ED67FA4E7E34}.Debug|Any CPU.ActiveCfg = Debug|Any CPU
		{A7CFA48E-3331-4DE5-B0E9-ED67FA4E7E34}.Debug|Any CPU.Build.0 = Debug|Any CPU
		{A7CFA48E-3331-4DE5-B0E9-ED67FA4E7E34}.Release|Any CPU.ActiveCfg = Release|Any CPU
		{A7CFA48E-3331-4DE5-B0E9-ED67FA4E7E34}.Release|Any CPU.Build.0 = Release|Any CPU
		{8F057328-B8D9-48DE-9A84-B3D0B0D0F6DF}.Debug|Any CPU.ActiveCfg = Debug|Any CPU
		{8F057328-B8D9-48DE-9A84-B3D0B0D0F6DF}.Debug|Any CPU.Build.0 = Debug|Any CPU
		{8F057328-B8D9-48DE-9A84-B3D0B0D0F6DF}.Release|Any CPU.ActiveCfg = Release|Any CPU
		{8F057328-B8D9-48DE-9A84-B3D0B0D0F6DF}.Release|Any CPU.Build.0 = Release|Any CPU
		{4F5A56D6-4F74-487D-84E0-E48717DED0CD}.Debug|Any CPU.ActiveCfg = Debug|Any CPU
		{4F5A56D6-4F74-487D-84E0-E48717DED0CD}.Debug|Any CPU.Build.0 = Debug|Any CPU
		{4F5A56D6-4F74-487D-84E0-E48717DED0CD}.Release|Any CPU.ActiveCfg = Release|Any CPU
		{4F5A56D6-4F74-487D-84E0-E48717DED0CD}.Release|Any CPU.Build.0 = Release|Any CPU
		{3BFF4C84-0922-4454-BF4E-7601ED29B720}.Debug|Any CPU.ActiveCfg = Debug|Any CPU
		{3BFF4C84-0922-4454-BF4E-7601ED29B720}.Debug|Any CPU.Build.0 = Debug|Any CPU
		{3BFF4C84-0922-4454-BF4E-7601ED29B720}.Release|Any CPU.ActiveCfg = Release|Any CPU
		{3BFF4C84-0922-4454-BF4E-7601ED29B720}.Release|Any CPU.Build.0 = Release|Any CPU
	EndGlobalSection
	GlobalSection(SolutionProperties) = preSolution
		HideSolutionNode = FALSE
	EndGlobalSection
	GlobalSection(NestedProjects) = preSolution
		{8F057328-B8D9-48DE-9A84-B3D0B0D0F6DF} = {8DC52F21-4712-46BC-85D3-EB0038B5D9B5}
		{4F5A56D6-4F74-487D-84E0-E48717DED0CD} = {8DC52F21-4712-46BC-85D3-EB0038B5D9B5}
	EndGlobalSection
EndGlobal
